
Microsoft Visual Studio Solution File, Format Version 12.00
# Visual Studio Version 16
VisualStudioVersion = 16.0.29209.152
MinimumVisualStudioVersion = 15.0.26124.0
Project("{FAE04EC0-301F-11D3-BF4B-00C04F79EFBC}") = "XOutput", "XOutput\XOutput.csproj", "{1A831445-0E59-4230-806A-D5180D24B346}"
EndProject
Project("{FAE04EC0-301F-11D3-BF4B-00C04F79EFBC}") = "XOutputTests", "XOutputTests\XOutputTests.csproj", "{28AA076A-103D-4208-ADF6-5EECA60CB7E0}"
EndProject
Global
	GlobalSection(SolutionConfigurationPlatforms) = preSolution
		Debug|Any CPU = Debug|Any CPU
		Debug|x64 = Debug|x64
		Debug|x86 = Debug|x86
		Release|Any CPU = Release|Any CPU
		Release|x64 = Release|x64
		Release|x86 = Release|x86
	EndGlobalSection
	GlobalSection(ProjectConfigurationPlatforms) = postSolution
		{1A831445-0E59-4230-806A-D5180D24B346}.Debug|Any CPU.ActiveCfg = Debug|Any CPU
		{1A831445-0E59-4230-806A-D5180D24B346}.Debug|Any CPU.Build.0 = Debug|Any CPU
		{1A831445-0E59-4230-806A-D5180D24B346}.Debug|x64.ActiveCfg = Debug|Any CPU
		{1A831445-0E59-4230-806A-D5180D24B346}.Debug|x64.Build.0 = Debug|Any CPU
		{1A831445-0E59-4230-806A-D5180D24B346}.Debug|x86.ActiveCfg = Debug|Any CPU
		{1A831445-0E59-4230-806A-D5180D24B346}.Debug|x86.Build.0 = Debug|Any CPU
		{1A831445-0E59-4230-806A-D5180D24B346}.Release|Any CPU.ActiveCfg = Release|Any CPU
		{1A831445-0E59-4230-806A-D5180D24B346}.Release|Any CPU.Build.0 = Release|Any CPU
		{1A831445-0E59-4230-806A-D5180D24B346}.Release|x64.ActiveCfg = Release|Any CPU
		{1A831445-0E59-4230-806A-D5180D24B346}.Release|x64.Build.0 = Release|Any CPU
		{1A831445-0E59-4230-806A-D5180D24B346}.Release|x86.ActiveCfg = Release|Any CPU
		{1A831445-0E59-4230-806A-D5180D24B346}.Release|x86.Build.0 = Release|Any CPU
		{28AA076A-103D-4208-ADF6-5EECA60CB7E0}.Debug|Any CPU.ActiveCfg = Debug|Any CPU
		{28AA076A-103D-4208-ADF6-5EECA60CB7E0}.Debug|Any CPU.Build.0 = Debug|Any CPU
		{28AA076A-103D-4208-ADF6-5EECA60CB7E0}.Debug|x64.ActiveCfg = Debug|Any CPU
		{28AA076A-103D-4208-ADF6-5EECA60CB7E0}.Debug|x64.Build.0 = Debug|Any CPU
		{28AA076A-103D-4208-ADF6-5EECA60CB7E0}.Debug|x86.ActiveCfg = Debug|Any CPU
		{28AA076A-103D-4208-ADF6-5EECA60CB7E0}.Debug|x86.Build.0 = Debug|Any CPU
		{28AA076A-103D-4208-ADF6-5EECA60CB7E0}.Release|Any CPU.ActiveCfg = Release|Any CPU
		{28AA076A-103D-4208-ADF6-5EECA60CB7E0}.Release|Any CPU.Build.0 = Release|Any CPU
		{28AA076A-103D-4208-ADF6-5EECA60CB7E0}.Release|x64.ActiveCfg = Release|Any CPU
		{28AA076A-103D-4208-ADF6-5EECA60CB7E0}.Release|x64.Build.0 = Release|Any CPU
		{28AA076A-103D-4208-ADF6-5EECA60CB7E0}.Release|x86.ActiveCfg = Release|Any CPU
		{28AA076A-103D-4208-ADF6-5EECA60CB7E0}.Release|x86.Build.0 = Release|Any CPU
	EndGlobalSection
	GlobalSection(SolutionProperties) = preSolution
		HideSolutionNode = FALSE
	EndGlobalSection
	GlobalSection(ExtensibilityGlobals) = postSolution
		SolutionGuid = {CF36FAFD-B077-4B91-AA4D-81E2153C40B9}
	EndGlobalSection
EndGlobal
