
Microsoft Visual Studio Solution File, Format Version 12.00
# Visual Studio Version 16
VisualStudioVersion = 16.0.29209.152
MinimumVisualStudioVersion = 15.0.26124.0
Project("{9A19103F-16F7-4668-BE54-9A1E7A4F7556}") = "XOutput.Core", "XOutput.Core\XOutput.Core.csproj", "{28926084-C21A-4533-BD72-793859047735}"
EndProject
Project("{9A19103F-16F7-4668-BE54-9A1E7A4F7556}") = "XOutput.CoreTests", "XOutput.CoreTests\XOutput.CoreTests.csproj", "{10B7530B-E510-4723-A397-1ACE2007BA88}"
EndProject
Project("{FAE04EC0-301F-11D3-BF4B-00C04F79EFBC}") = "XOutput.ApiTests", "XOutput.ApiTests\XOutput.ApiTests.csproj", "{328F3F2C-7837-40AB-9473-8FDCE404DCCB}"
EndProject
Project("{FAE04EC0-301F-11D3-BF4B-00C04F79EFBC}") = "XOutput.Api", "XOutput.Api\XOutput.Api.csproj", "{FCED5308-9A06-4CF7-909C-B12F7F237D36}"
EndProject
Project("{FAE04EC0-301F-11D3-BF4B-00C04F79EFBC}") = "XOutput.Server", "XOutput.Server\XOutput.Server.csproj", "{564AD7EA-1A09-4227-BF8F-7CD4BD8621D5}"
EndProject
Project("{FAE04EC0-301F-11D3-BF4B-00C04F79EFBC}") = "XOutput.App", "XOutput.App\XOutput.App.csproj", "{CFE0A593-5D28-4C2D-AE7C-39C5A83A4291}"
EndProject
Project("{FAE04EC0-301F-11D3-BF4B-00C04F79EFBC}") = "XOutput.AppTests", "XOutput.AppTests\XOutput.AppTests.csproj", "{DF44DE3B-444F-4C33-A5DB-7C86C7621620}"
EndProject
Project("{FAE04EC0-301F-11D3-BF4B-00C04F79EFBC}") = "XOutput.Client", "XOutput.Client\XOutput.Client.csproj", "{50C4CE81-79A6-4DD9-AD5E-A774A3D672F5}"
EndProject
Project("{FAE04EC0-301F-11D3-BF4B-00C04F79EFBC}") = "XOutput.Emulation", "XOutput.Emulation\XOutput.Emulation.csproj", "{6C8D61B8-CF7A-4E5F-8400-9F09C0ADBB85}"
EndProject
Project("{FAE04EC0-301F-11D3-BF4B-00C04F79EFBC}") = "XOutput.Mapping", "XOutput.Mapping\XOutput.Mapping.csproj", "{570B46BC-A10E-4D44-B159-D45A39F056BB}"
EndProject
Project("{FAE04EC0-301F-11D3-BF4B-00C04F79EFBC}") = "XOutput.MappingTests", "XOutput.MappingTests\XOutput.MappingTests.csproj", "{CEFB0D52-8168-49F6-B4C8-E7E95F9F98BE}"
EndProject
Global
	GlobalSection(SolutionConfigurationPlatforms) = preSolution
		Debug|Any CPU = Debug|Any CPU
		Debug|x64 = Debug|x64
		Debug|x86 = Debug|x86
		Release|Any CPU = Release|Any CPU
		Release|x64 = Release|x64
		Release|x86 = Release|x86
	EndGlobalSection
	GlobalSection(ProjectConfigurationPlatforms) = postSolution
		{28AA076A-103D-4208-ADF6-5EECA60CB7E0}.Debug|Any CPU.ActiveCfg = Debug|Any CPU
		{28AA076A-103D-4208-ADF6-5EECA60CB7E0}.Debug|Any CPU.Build.0 = Debug|Any CPU
		{28AA076A-103D-4208-ADF6-5EECA60CB7E0}.Debug|x64.ActiveCfg = Debug|Any CPU
		{28AA076A-103D-4208-ADF6-5EECA60CB7E0}.Debug|x64.Build.0 = Debug|Any CPU
		{28AA076A-103D-4208-ADF6-5EECA60CB7E0}.Debug|x86.ActiveCfg = Debug|Any CPU
		{28AA076A-103D-4208-ADF6-5EECA60CB7E0}.Debug|x86.Build.0 = Debug|Any CPU
		{28AA076A-103D-4208-ADF6-5EECA60CB7E0}.Release|Any CPU.ActiveCfg = Release|Any CPU
		{28AA076A-103D-4208-ADF6-5EECA60CB7E0}.Release|Any CPU.Build.0 = Release|Any CPU
		{28AA076A-103D-4208-ADF6-5EECA60CB7E0}.Release|x64.ActiveCfg = Release|Any CPU
		{28AA076A-103D-4208-ADF6-5EECA60CB7E0}.Release|x64.Build.0 = Release|Any CPU
		{28AA076A-103D-4208-ADF6-5EECA60CB7E0}.Release|x86.ActiveCfg = Release|Any CPU
		{28AA076A-103D-4208-ADF6-5EECA60CB7E0}.Release|x86.Build.0 = Release|Any CPU
		{28926084-C21A-4533-BD72-793859047735}.Debug|Any CPU.ActiveCfg = Debug|Any CPU
		{28926084-C21A-4533-BD72-793859047735}.Debug|Any CPU.Build.0 = Debug|Any CPU
		{28926084-C21A-4533-BD72-793859047735}.Debug|x64.ActiveCfg = Debug|Any CPU
		{28926084-C21A-4533-BD72-793859047735}.Debug|x64.Build.0 = Debug|Any CPU
		{28926084-C21A-4533-BD72-793859047735}.Debug|x86.ActiveCfg = Debug|Any CPU
		{28926084-C21A-4533-BD72-793859047735}.Debug|x86.Build.0 = Debug|Any CPU
		{28926084-C21A-4533-BD72-793859047735}.Release|Any CPU.ActiveCfg = Release|Any CPU
		{28926084-C21A-4533-BD72-793859047735}.Release|Any CPU.Build.0 = Release|Any CPU
		{28926084-C21A-4533-BD72-793859047735}.Release|x64.ActiveCfg = Release|Any CPU
		{28926084-C21A-4533-BD72-793859047735}.Release|x64.Build.0 = Release|Any CPU
		{28926084-C21A-4533-BD72-793859047735}.Release|x86.ActiveCfg = Release|Any CPU
		{28926084-C21A-4533-BD72-793859047735}.Release|x86.Build.0 = Release|Any CPU
		{10B7530B-E510-4723-A397-1ACE2007BA88}.Debug|Any CPU.ActiveCfg = Debug|Any CPU
		{10B7530B-E510-4723-A397-1ACE2007BA88}.Debug|Any CPU.Build.0 = Debug|Any CPU
		{10B7530B-E510-4723-A397-1ACE2007BA88}.Debug|x64.ActiveCfg = Debug|Any CPU
		{10B7530B-E510-4723-A397-1ACE2007BA88}.Debug|x64.Build.0 = Debug|Any CPU
		{10B7530B-E510-4723-A397-1ACE2007BA88}.Debug|x86.ActiveCfg = Debug|Any CPU
		{10B7530B-E510-4723-A397-1ACE2007BA88}.Debug|x86.Build.0 = Debug|Any CPU
		{10B7530B-E510-4723-A397-1ACE2007BA88}.Release|Any CPU.ActiveCfg = Release|Any CPU
		{10B7530B-E510-4723-A397-1ACE2007BA88}.Release|Any CPU.Build.0 = Release|Any CPU
		{10B7530B-E510-4723-A397-1ACE2007BA88}.Release|x64.ActiveCfg = Release|Any CPU
		{10B7530B-E510-4723-A397-1ACE2007BA88}.Release|x64.Build.0 = Release|Any CPU
		{10B7530B-E510-4723-A397-1ACE2007BA88}.Release|x86.ActiveCfg = Release|Any CPU
		{10B7530B-E510-4723-A397-1ACE2007BA88}.Release|x86.Build.0 = Release|Any CPU
		{328F3F2C-7837-40AB-9473-8FDCE404DCCB}.Debug|Any CPU.ActiveCfg = Debug|Any CPU
		{328F3F2C-7837-40AB-9473-8FDCE404DCCB}.Debug|Any CPU.Build.0 = Debug|Any CPU
		{328F3F2C-7837-40AB-9473-8FDCE404DCCB}.Debug|x64.ActiveCfg = Debug|Any CPU
		{328F3F2C-7837-40AB-9473-8FDCE404DCCB}.Debug|x64.Build.0 = Debug|Any CPU
		{328F3F2C-7837-40AB-9473-8FDCE404DCCB}.Debug|x86.ActiveCfg = Debug|Any CPU
		{328F3F2C-7837-40AB-9473-8FDCE404DCCB}.Debug|x86.Build.0 = Debug|Any CPU
		{328F3F2C-7837-40AB-9473-8FDCE404DCCB}.Release|Any CPU.ActiveCfg = Release|Any CPU
		{328F3F2C-7837-40AB-9473-8FDCE404DCCB}.Release|Any CPU.Build.0 = Release|Any CPU
		{328F3F2C-7837-40AB-9473-8FDCE404DCCB}.Release|x64.ActiveCfg = Release|Any CPU
		{328F3F2C-7837-40AB-9473-8FDCE404DCCB}.Release|x64.Build.0 = Release|Any CPU
		{328F3F2C-7837-40AB-9473-8FDCE404DCCB}.Release|x86.ActiveCfg = Release|Any CPU
		{328F3F2C-7837-40AB-9473-8FDCE404DCCB}.Release|x86.Build.0 = Release|Any CPU
		{FCED5308-9A06-4CF7-909C-B12F7F237D36}.Debug|Any CPU.ActiveCfg = Debug|Any CPU
		{FCED5308-9A06-4CF7-909C-B12F7F237D36}.Debug|Any CPU.Build.0 = Debug|Any CPU
		{FCED5308-9A06-4CF7-909C-B12F7F237D36}.Debug|x64.ActiveCfg = Debug|Any CPU
		{FCED5308-9A06-4CF7-909C-B12F7F237D36}.Debug|x64.Build.0 = Debug|Any CPU
		{FCED5308-9A06-4CF7-909C-B12F7F237D36}.Debug|x86.ActiveCfg = Debug|Any CPU
		{FCED5308-9A06-4CF7-909C-B12F7F237D36}.Debug|x86.Build.0 = Debug|Any CPU
		{FCED5308-9A06-4CF7-909C-B12F7F237D36}.Release|Any CPU.ActiveCfg = Release|Any CPU
		{FCED5308-9A06-4CF7-909C-B12F7F237D36}.Release|Any CPU.Build.0 = Release|Any CPU
		{FCED5308-9A06-4CF7-909C-B12F7F237D36}.Release|x64.ActiveCfg = Release|Any CPU
		{FCED5308-9A06-4CF7-909C-B12F7F237D36}.Release|x64.Build.0 = Release|Any CPU
		{FCED5308-9A06-4CF7-909C-B12F7F237D36}.Release|x86.ActiveCfg = Release|Any CPU
		{FCED5308-9A06-4CF7-909C-B12F7F237D36}.Release|x86.Build.0 = Release|Any CPU
		{564AD7EA-1A09-4227-BF8F-7CD4BD8621D5}.Debug|Any CPU.ActiveCfg = Debug|Any CPU
		{564AD7EA-1A09-4227-BF8F-7CD4BD8621D5}.Debug|Any CPU.Build.0 = Debug|Any CPU
		{564AD7EA-1A09-4227-BF8F-7CD4BD8621D5}.Debug|x64.ActiveCfg = Debug|Any CPU
		{564AD7EA-1A09-4227-BF8F-7CD4BD8621D5}.Debug|x64.Build.0 = Debug|Any CPU
		{564AD7EA-1A09-4227-BF8F-7CD4BD8621D5}.Debug|x86.ActiveCfg = Debug|Any CPU
		{564AD7EA-1A09-4227-BF8F-7CD4BD8621D5}.Debug|x86.Build.0 = Debug|Any CPU
		{564AD7EA-1A09-4227-BF8F-7CD4BD8621D5}.Release|Any CPU.ActiveCfg = Release|Any CPU
		{564AD7EA-1A09-4227-BF8F-7CD4BD8621D5}.Release|Any CPU.Build.0 = Release|Any CPU
		{564AD7EA-1A09-4227-BF8F-7CD4BD8621D5}.Release|x64.ActiveCfg = Release|Any CPU
		{564AD7EA-1A09-4227-BF8F-7CD4BD8621D5}.Release|x64.Build.0 = Release|Any CPU
		{564AD7EA-1A09-4227-BF8F-7CD4BD8621D5}.Release|x86.ActiveCfg = Release|Any CPU
		{564AD7EA-1A09-4227-BF8F-7CD4BD8621D5}.Release|x86.Build.0 = Release|Any CPU
		{ECDE1779-C48C-40D3-9088-682335D274C4}.Debug|Any CPU.ActiveCfg = Debug|Any CPU
		{ECDE1779-C48C-40D3-9088-682335D274C4}.Debug|Any CPU.Build.0 = Debug|Any CPU
		{ECDE1779-C48C-40D3-9088-682335D274C4}.Debug|x64.ActiveCfg = Debug|Any CPU
		{ECDE1779-C48C-40D3-9088-682335D274C4}.Debug|x64.Build.0 = Debug|Any CPU
		{ECDE1779-C48C-40D3-9088-682335D274C4}.Debug|x86.ActiveCfg = Debug|Any CPU
		{ECDE1779-C48C-40D3-9088-682335D274C4}.Debug|x86.Build.0 = Debug|Any CPU
		{ECDE1779-C48C-40D3-9088-682335D274C4}.Release|Any CPU.ActiveCfg = Release|Any CPU
		{ECDE1779-C48C-40D3-9088-682335D274C4}.Release|Any CPU.Build.0 = Release|Any CPU
		{ECDE1779-C48C-40D3-9088-682335D274C4}.Release|x64.ActiveCfg = Release|Any CPU
		{ECDE1779-C48C-40D3-9088-682335D274C4}.Release|x64.Build.0 = Release|Any CPU
		{ECDE1779-C48C-40D3-9088-682335D274C4}.Release|x86.ActiveCfg = Release|Any CPU
		{ECDE1779-C48C-40D3-9088-682335D274C4}.Release|x86.Build.0 = Release|Any CPU
		{DF44DE3B-444F-4C33-A5DB-7C86C7621620}.Debug|Any CPU.ActiveCfg = Debug|Any CPU
		{DF44DE3B-444F-4C33-A5DB-7C86C7621620}.Debug|Any CPU.Build.0 = Debug|Any CPU
		{DF44DE3B-444F-4C33-A5DB-7C86C7621620}.Debug|x64.ActiveCfg = Debug|Any CPU
		{DF44DE3B-444F-4C33-A5DB-7C86C7621620}.Debug|x64.Build.0 = Debug|Any CPU
		{DF44DE3B-444F-4C33-A5DB-7C86C7621620}.Debug|x86.ActiveCfg = Debug|Any CPU
		{DF44DE3B-444F-4C33-A5DB-7C86C7621620}.Debug|x86.Build.0 = Debug|Any CPU
		{DF44DE3B-444F-4C33-A5DB-7C86C7621620}.Release|Any CPU.ActiveCfg = Release|Any CPU
		{DF44DE3B-444F-4C33-A5DB-7C86C7621620}.Release|Any CPU.Build.0 = Release|Any CPU
		{DF44DE3B-444F-4C33-A5DB-7C86C7621620}.Release|x64.ActiveCfg = Release|Any CPU
		{DF44DE3B-444F-4C33-A5DB-7C86C7621620}.Release|x64.Build.0 = Release|Any CPU
		{DF44DE3B-444F-4C33-A5DB-7C86C7621620}.Release|x86.ActiveCfg = Release|Any CPU
		{DF44DE3B-444F-4C33-A5DB-7C86C7621620}.Release|x86.Build.0 = Release|Any CPU
		{CFE0A593-5D28-4C2D-AE7C-39C5A83A4291}.Debug|Any CPU.ActiveCfg = Debug|Any CPU
		{CFE0A593-5D28-4C2D-AE7C-39C5A83A4291}.Debug|Any CPU.Build.0 = Debug|Any CPU
		{CFE0A593-5D28-4C2D-AE7C-39C5A83A4291}.Debug|x64.ActiveCfg = Debug|Any CPU
		{CFE0A593-5D28-4C2D-AE7C-39C5A83A4291}.Debug|x64.Build.0 = Debug|Any CPU
		{CFE0A593-5D28-4C2D-AE7C-39C5A83A4291}.Debug|x86.ActiveCfg = Debug|Any CPU
		{CFE0A593-5D28-4C2D-AE7C-39C5A83A4291}.Debug|x86.Build.0 = Debug|Any CPU
		{CFE0A593-5D28-4C2D-AE7C-39C5A83A4291}.Release|Any CPU.ActiveCfg = Release|Any CPU
		{CFE0A593-5D28-4C2D-AE7C-39C5A83A4291}.Release|Any CPU.Build.0 = Release|Any CPU
		{CFE0A593-5D28-4C2D-AE7C-39C5A83A4291}.Release|x64.ActiveCfg = Release|Any CPU
		{CFE0A593-5D28-4C2D-AE7C-39C5A83A4291}.Release|x64.Build.0 = Release|Any CPU
		{CFE0A593-5D28-4C2D-AE7C-39C5A83A4291}.Release|x86.ActiveCfg = Release|Any CPU
		{CFE0A593-5D28-4C2D-AE7C-39C5A83A4291}.Release|x86.Build.0 = Release|Any CPU
		{50C4CE81-79A6-4DD9-AD5E-A774A3D672F5}.Debug|Any CPU.ActiveCfg = Debug|Any CPU
		{50C4CE81-79A6-4DD9-AD5E-A774A3D672F5}.Debug|Any CPU.Build.0 = Debug|Any CPU
		{50C4CE81-79A6-4DD9-AD5E-A774A3D672F5}.Debug|x64.ActiveCfg = Debug|Any CPU
		{50C4CE81-79A6-4DD9-AD5E-A774A3D672F5}.Debug|x64.Build.0 = Debug|Any CPU
		{50C4CE81-79A6-4DD9-AD5E-A774A3D672F5}.Debug|x86.ActiveCfg = Debug|Any CPU
		{50C4CE81-79A6-4DD9-AD5E-A774A3D672F5}.Debug|x86.Build.0 = Debug|Any CPU
		{50C4CE81-79A6-4DD9-AD5E-A774A3D672F5}.Release|Any CPU.ActiveCfg = Release|Any CPU
		{50C4CE81-79A6-4DD9-AD5E-A774A3D672F5}.Release|Any CPU.Build.0 = Release|Any CPU
		{50C4CE81-79A6-4DD9-AD5E-A774A3D672F5}.Release|x64.ActiveCfg = Release|Any CPU
		{50C4CE81-79A6-4DD9-AD5E-A774A3D672F5}.Release|x64.Build.0 = Release|Any CPU
		{50C4CE81-79A6-4DD9-AD5E-A774A3D672F5}.Release|x86.ActiveCfg = Release|Any CPU
		{50C4CE81-79A6-4DD9-AD5E-A774A3D672F5}.Release|x86.Build.0 = Release|Any CPU
		{6C8D61B8-CF7A-4E5F-8400-9F09C0ADBB85}.Debug|Any CPU.ActiveCfg = Debug|Any CPU
		{6C8D61B8-CF7A-4E5F-8400-9F09C0ADBB85}.Debug|Any CPU.Build.0 = Debug|Any CPU
		{6C8D61B8-CF7A-4E5F-8400-9F09C0ADBB85}.Debug|x64.ActiveCfg = Debug|Any CPU
		{6C8D61B8-CF7A-4E5F-8400-9F09C0ADBB85}.Debug|x64.Build.0 = Debug|Any CPU
		{6C8D61B8-CF7A-4E5F-8400-9F09C0ADBB85}.Debug|x86.ActiveCfg = Debug|Any CPU
		{6C8D61B8-CF7A-4E5F-8400-9F09C0ADBB85}.Debug|x86.Build.0 = Debug|Any CPU
		{6C8D61B8-CF7A-4E5F-8400-9F09C0ADBB85}.Release|Any CPU.ActiveCfg = Release|Any CPU
		{6C8D61B8-CF7A-4E5F-8400-9F09C0ADBB85}.Release|Any CPU.Build.0 = Release|Any CPU
		{6C8D61B8-CF7A-4E5F-8400-9F09C0ADBB85}.Release|x64.ActiveCfg = Release|Any CPU
		{6C8D61B8-CF7A-4E5F-8400-9F09C0ADBB85}.Release|x64.Build.0 = Release|Any CPU
		{6C8D61B8-CF7A-4E5F-8400-9F09C0ADBB85}.Release|x86.ActiveCfg = Release|Any CPU
		{6C8D61B8-CF7A-4E5F-8400-9F09C0ADBB85}.Release|x86.Build.0 = Release|Any CPU
		{570B46BC-A10E-4D44-B159-D45A39F056BB}.Debug|Any CPU.ActiveCfg = Debug|Any CPU
		{570B46BC-A10E-4D44-B159-D45A39F056BB}.Debug|Any CPU.Build.0 = Debug|Any CPU
		{570B46BC-A10E-4D44-B159-D45A39F056BB}.Debug|x64.ActiveCfg = Debug|Any CPU
		{570B46BC-A10E-4D44-B159-D45A39F056BB}.Debug|x64.Build.0 = Debug|Any CPU
		{570B46BC-A10E-4D44-B159-D45A39F056BB}.Debug|x86.ActiveCfg = Debug|Any CPU
		{570B46BC-A10E-4D44-B159-D45A39F056BB}.Debug|x86.Build.0 = Debug|Any CPU
		{570B46BC-A10E-4D44-B159-D45A39F056BB}.Release|Any CPU.ActiveCfg = Release|Any CPU
		{570B46BC-A10E-4D44-B159-D45A39F056BB}.Release|Any CPU.Build.0 = Release|Any CPU
		{570B46BC-A10E-4D44-B159-D45A39F056BB}.Release|x64.ActiveCfg = Release|Any CPU
		{570B46BC-A10E-4D44-B159-D45A39F056BB}.Release|x64.Build.0 = Release|Any CPU
		{570B46BC-A10E-4D44-B159-D45A39F056BB}.Release|x86.ActiveCfg = Release|Any CPU
		{570B46BC-A10E-4D44-B159-D45A39F056BB}.Release|x86.Build.0 = Release|Any CPU
		{CEFB0D52-8168-49F6-B4C8-E7E95F9F98BE}.Debug|Any CPU.ActiveCfg = Debug|Any CPU
		{CEFB0D52-8168-49F6-B4C8-E7E95F9F98BE}.Debug|Any CPU.Build.0 = Debug|Any CPU
		{CEFB0D52-8168-49F6-B4C8-E7E95F9F98BE}.Debug|x64.ActiveCfg = Debug|Any CPU
		{CEFB0D52-8168-49F6-B4C8-E7E95F9F98BE}.Debug|x64.Build.0 = Debug|Any CPU
		{CEFB0D52-8168-49F6-B4C8-E7E95F9F98BE}.Debug|x86.ActiveCfg = Debug|Any CPU
		{CEFB0D52-8168-49F6-B4C8-E7E95F9F98BE}.Debug|x86.Build.0 = Debug|Any CPU
		{CEFB0D52-8168-49F6-B4C8-E7E95F9F98BE}.Release|Any CPU.ActiveCfg = Release|Any CPU
		{CEFB0D52-8168-49F6-B4C8-E7E95F9F98BE}.Release|Any CPU.Build.0 = Release|Any CPU
		{CEFB0D52-8168-49F6-B4C8-E7E95F9F98BE}.Release|x64.ActiveCfg = Release|Any CPU
		{CEFB0D52-8168-49F6-B4C8-E7E95F9F98BE}.Release|x64.Build.0 = Release|Any CPU
		{CEFB0D52-8168-49F6-B4C8-E7E95F9F98BE}.Release|x86.ActiveCfg = Release|Any CPU
		{CEFB0D52-8168-49F6-B4C8-E7E95F9F98BE}.Release|x86.Build.0 = Release|Any CPU
	EndGlobalSection
	GlobalSection(SolutionProperties) = preSolution
		HideSolutionNode = FALSE
	EndGlobalSection
	GlobalSection(ExtensibilityGlobals) = postSolution
		SolutionGuid = {CF36FAFD-B077-4B91-AA4D-81E2153C40B9}
	EndGlobalSection
EndGlobal
